
Microsoft Visual Studio Solution File, Format Version 12.00
# Visual Studio 15
VisualStudioVersion = 15.0.27004.2005
MinimumVisualStudioVersion = 10.0.40219.1
Project("{FAE04EC0-301F-11D3-BF4B-00C04F79EFBC}") = "githubtesting2", "githubtesting2\githubtesting2.csproj", "{8A8D2B37-9356-4086-B3F9-96327DD07281}"
EndProject
Global
	GlobalSection(SolutionConfigurationPlatforms) = preSolution
		Debug|Any CPU = Debug|Any CPU
		Release|Any CPU = Release|Any CPU
	EndGlobalSection
	GlobalSection(ProjectConfigurationPlatforms) = postSolution
		{8A8D2B37-9356-4086-B3F9-96327DD07281}.Debug|Any CPU.ActiveCfg = Debug|Any CPU
		{8A8D2B37-9356-4086-B3F9-96327DD07281}.Debug|Any CPU.Build.0 = Debug|Any CPU
		{8A8D2B37-9356-4086-B3F9-96327DD07281}.Release|Any CPU.ActiveCfg = Release|Any CPU
		{8A8D2B37-9356-4086-B3F9-96327DD07281}.Release|Any CPU.Build.0 = Release|Any CPU
	EndGlobalSection
	GlobalSection(SolutionProperties) = preSolution
		HideSolutionNode = FALSE
	EndGlobalSection
	GlobalSection(ExtensibilityGlobals) = postSolution
		SolutionGuid = {665DB299-48FE-419E-858B-5E9364BB8437}
	EndGlobalSection
EndGlobal
